// !$*UTF8*$!
{
	archiveVersion = 1;
	classes = {
	};
	objectVersion = 46;
	objects = {

/* Begin PBXBuildFile section */
		AD30200B1D910C3600863C0F /* SegmentedControl.swift in Sources */ = {isa = PBXBuildFile; fileRef = AD30200A1D910C3600863C0F /* SegmentedControl.swift */; };
		AD3020411D92431200863C0F /* Bolts.framework in Frameworks */ = {isa = PBXBuildFile; fileRef = AD3020401D92431200863C0F /* Bolts.framework */; };
		AD3020431D92431D00863C0F /* FBSDKCoreKit.framework in Frameworks */ = {isa = PBXBuildFile; fileRef = AD3020421D92431D00863C0F /* FBSDKCoreKit.framework */; };
		ADCC642D1D945C580047EA86 /* OnboardingPage.swift in Sources */ = {isa = PBXBuildFile; fileRef = ADCC642C1D945C580047EA86 /* OnboardingPage.swift */; };
		ADCC642F1D9481950047EA86 /* Extension.swift in Sources */ = {isa = PBXBuildFile; fileRef = ADCC642E1D9481950047EA86 /* Extension.swift */; };
		ADCC64311D9483C00047EA86 /* TabViewController1.swift in Sources */ = {isa = PBXBuildFile; fileRef = ADCC64301D9483C00047EA86 /* TabViewController1.swift */; };
		ADCC64331D95D0FB0047EA86 /* ContainerVC.swift in Sources */ = {isa = PBXBuildFile; fileRef = ADCC64321D95D0FB0047EA86 /* ContainerVC.swift */; };
		ADDF6ED41D8D2B2700594184 /* AppDelegate.swift in Sources */ = {isa = PBXBuildFile; fileRef = ADDF6ED31D8D2B2700594184 /* AppDelegate.swift */; };
		ADDF6ED61D8D2B2700594184 /* ViewController.swift in Sources */ = {isa = PBXBuildFile; fileRef = ADDF6ED51D8D2B2700594184 /* ViewController.swift */; };
		ADDF6ED91D8D2B2700594184 /* Main.storyboard in Resources */ = {isa = PBXBuildFile; fileRef = ADDF6ED71D8D2B2700594184 /* Main.storyboard */; };
		ADDF6EDB1D8D2B2700594184 /* Assets.xcassets in Resources */ = {isa = PBXBuildFile; fileRef = ADDF6EDA1D8D2B2700594184 /* Assets.xcassets */; };
		ADDF6EDE1D8D2B2700594184 /* LaunchScreen.storyboard in Resources */ = {isa = PBXBuildFile; fileRef = ADDF6EDC1D8D2B2700594184 /* LaunchScreen.storyboard */; };
/* End PBXBuildFile section */

/* Begin PBXFileReference section */
		AD30200A1D910C3600863C0F /* SegmentedControl.swift */ = {isa = PBXFileReference; fileEncoding = 4; lastKnownFileType = sourcecode.swift; path = SegmentedControl.swift; sourceTree = "<group>"; };
		AD3020401D92431200863C0F /* Bolts.framework */ = {isa = PBXFileReference; lastKnownFileType = wrapper.framework; path = Bolts.framework; sourceTree = "<group>"; };
		AD3020421D92431D00863C0F /* FBSDKCoreKit.framework */ = {isa = PBXFileReference; lastKnownFileType = wrapper.framework; path = FBSDKCoreKit.framework; sourceTree = "<group>"; };
		ADCC642C1D945C580047EA86 /* OnboardingPage.swift */ = {isa = PBXFileReference; fileEncoding = 4; lastKnownFileType = sourcecode.swift; path = OnboardingPage.swift; sourceTree = "<group>"; };
		ADCC642E1D9481950047EA86 /* Extension.swift */ = {isa = PBXFileReference; fileEncoding = 4; lastKnownFileType = sourcecode.swift; path = Extension.swift; sourceTree = "<group>"; };
		ADCC64301D9483C00047EA86 /* TabViewController1.swift */ = {isa = PBXFileReference; fileEncoding = 4; lastKnownFileType = sourcecode.swift; path = TabViewController1.swift; sourceTree = "<group>"; };
		ADCC64321D95D0FB0047EA86 /* ContainerVC.swift */ = {isa = PBXFileReference; fileEncoding = 4; lastKnownFileType = sourcecode.swift; path = ContainerVC.swift; sourceTree = "<group>"; };
		ADDF6ED01D8D2B2700594184 /* Test.app */ = {isa = PBXFileReference; explicitFileType = wrapper.application; includeInIndex = 0; path = Test.app; sourceTree = BUILT_PRODUCTS_DIR; };
		ADDF6ED31D8D2B2700594184 /* AppDelegate.swift */ = {isa = PBXFileReference; lastKnownFileType = sourcecode.swift; path = AppDelegate.swift; sourceTree = "<group>"; };
		ADDF6ED51D8D2B2700594184 /* ViewController.swift */ = {isa = PBXFileReference; lastKnownFileType = sourcecode.swift; path = ViewController.swift; sourceTree = "<group>"; };
		ADDF6ED81D8D2B2700594184 /* Base */ = {isa = PBXFileReference; lastKnownFileType = file.storyboard; name = Base; path = Base.lproj/Main.storyboard; sourceTree = "<group>"; };
		ADDF6EDA1D8D2B2700594184 /* Assets.xcassets */ = {isa = PBXFileReference; lastKnownFileType = folder.assetcatalog; path = Assets.xcassets; sourceTree = "<group>"; };
		ADDF6EDD1D8D2B2700594184 /* Base */ = {isa = PBXFileReference; lastKnownFileType = file.storyboard; name = Base; path = Base.lproj/LaunchScreen.storyboard; sourceTree = "<group>"; };
		ADDF6EDF1D8D2B2700594184 /* Info.plist */ = {isa = PBXFileReference; lastKnownFileType = text.plist.xml; path = Info.plist; sourceTree = "<group>"; };
/* End PBXFileReference section */

/* Begin PBXFrameworksBuildPhase section */
		ADDF6ECD1D8D2B2700594184 /* Frameworks */ = {
			isa = PBXFrameworksBuildPhase;
			buildActionMask = 2147483647;
			files = (
				AD3020411D92431200863C0F /* Bolts.framework in Frameworks */,
				AD3020431D92431D00863C0F /* FBSDKCoreKit.framework in Frameworks */,
			);
			runOnlyForDeploymentPostprocessing = 0;
		};
/* End PBXFrameworksBuildPhase section */

/* Begin PBXGroup section */
		ADDF6EC71D8D2B2700594184 = {
			isa = PBXGroup;
			children = (
				ADDF6ED21D8D2B2700594184 /* Test */,
				ADDF6ED11D8D2B2700594184 /* Products */,
			);
			sourceTree = "<group>";
		};
		ADDF6ED11D8D2B2700594184 /* Products */ = {
			isa = PBXGroup;
			children = (
				ADDF6ED01D8D2B2700594184 /* Test.app */,
			);
			name = Products;
			sourceTree = "<group>";
		};
		ADDF6ED21D8D2B2700594184 /* Test */ = {
			isa = PBXGroup;
			children = (
				AD3020421D92431D00863C0F /* FBSDKCoreKit.framework */,
				AD3020401D92431200863C0F /* Bolts.framework */,
				ADDF6ED31D8D2B2700594184 /* AppDelegate.swift */,
				AD30200A1D910C3600863C0F /* SegmentedControl.swift */,
				ADDF6ED51D8D2B2700594184 /* ViewController.swift */,
				ADCC64301D9483C00047EA86 /* TabViewController1.swift */,
				ADDF6ED71D8D2B2700594184 /* Main.storyboard */,
				ADCC642C1D945C580047EA86 /* OnboardingPage.swift */,
				ADCC642E1D9481950047EA86 /* Extension.swift */,
				ADCC64321D95D0FB0047EA86 /* ContainerVC.swift */,
				ADDF6EDA1D8D2B2700594184 /* Assets.xcassets */,
				ADDF6EDC1D8D2B2700594184 /* LaunchScreen.storyboard */,
				ADDF6EDF1D8D2B2700594184 /* Info.plist */,
			);
			path = Test;
			sourceTree = "<group>";
		};
/* End PBXGroup section */

/* Begin PBXNativeTarget section */
		ADDF6ECF1D8D2B2700594184 /* Test */ = {
			isa = PBXNativeTarget;
			buildConfigurationList = ADDF6EE21D8D2B2700594184 /* Build configuration list for PBXNativeTarget "Test" */;
			buildPhases = (
				ADDF6ECC1D8D2B2700594184 /* Sources */,
				ADDF6ECD1D8D2B2700594184 /* Frameworks */,
				ADDF6ECE1D8D2B2700594184 /* Resources */,
			);
			buildRules = (
			);
			dependencies = (
			);
			name = Test;
			productName = Test;
			productReference = ADDF6ED01D8D2B2700594184 /* Test.app */;
			productType = "com.apple.product-type.application";
		};
/* End PBXNativeTarget section */

/* Begin PBXProject section */
		ADDF6EC81D8D2B2700594184 /* Project object */ = {
			isa = PBXProject;
			attributes = {
				LastSwiftUpdateCheck = 0800;
				LastUpgradeCheck = 0800;
				ORGANIZATIONNAME = "Donald Nguyen";
				TargetAttributes = {
					ADDF6ECF1D8D2B2700594184 = {
						CreatedOnToolsVersion = 8.0;
						DevelopmentTeam = S58QJ4E424;
						ProvisioningStyle = Automatic;
					};
				};
			};
			buildConfigurationList = ADDF6ECB1D8D2B2700594184 /* Build configuration list for PBXProject "Test" */;
			compatibilityVersion = "Xcode 3.2";
			developmentRegion = English;
			hasScannedForEncodings = 0;
			knownRegions = (
				en,
				Base,
			);
			mainGroup = ADDF6EC71D8D2B2700594184;
			productRefGroup = ADDF6ED11D8D2B2700594184 /* Products */;
			projectDirPath = "";
			projectRoot = "";
			targets = (
				ADDF6ECF1D8D2B2700594184 /* Test */,
			);
		};
/* End PBXProject section */

/* Begin PBXResourcesBuildPhase section */
		ADDF6ECE1D8D2B2700594184 /* Resources */ = {
			isa = PBXResourcesBuildPhase;
			buildActionMask = 2147483647;
			files = (
				ADDF6EDE1D8D2B2700594184 /* LaunchScreen.storyboard in Resources */,
				ADDF6EDB1D8D2B2700594184 /* Assets.xcassets in Resources */,
				ADDF6ED91D8D2B2700594184 /* Main.storyboard in Resources */,
			);
			runOnlyForDeploymentPostprocessing = 0;
		};
/* End PBXResourcesBuildPhase section */

/* Begin PBXSourcesBuildPhase section */
		ADDF6ECC1D8D2B2700594184 /* Sources */ = {
			isa = PBXSourcesBuildPhase;
			buildActionMask = 2147483647;
			files = (
				ADCC642F1D9481950047EA86 /* Extension.swift in Sources */,
				ADCC64331D95D0FB0047EA86 /* ContainerVC.swift in Sources */,
				ADDF6ED61D8D2B2700594184 /* ViewController.swift in Sources */,
				AD30200B1D910C3600863C0F /* SegmentedControl.swift in Sources */,
				ADDF6ED41D8D2B2700594184 /* AppDelegate.swift in Sources */,
				ADCC64311D9483C00047EA86 /* TabViewController1.swift in Sources */,
				ADCC642D1D945C580047EA86 /* OnboardingPage.swift in Sources */,
			);
			runOnlyForDeploymentPostprocessing = 0;
		};
/* End PBXSourcesBuildPhase section */

/* Begin PBXVariantGroup section */
		ADDF6ED71D8D2B2700594184 /* Main.storyboard */ = {
			isa = PBXVariantGroup;
			children = (
				ADDF6ED81D8D2B2700594184 /* Base */,
			);
			name = Main.storyboard;
			sourceTree = "<group>";
		};
		ADDF6EDC1D8D2B2700594184 /* LaunchScreen.storyboard */ = {
			isa = PBXVariantGroup;
			children = (
				ADDF6EDD1D8D2B2700594184 /* Base */,
			);
			name = LaunchScreen.storyboard;
			sourceTree = "<group>";
		};
/* End PBXVariantGroup section */

/* Begin XCBuildConfiguration section */
		ADDF6EE01D8D2B2700594184 /* Debug */ = {
			isa = XCBuildConfiguration;
			buildSettings = {
				ALWAYS_SEARCH_USER_PATHS = NO;
				CLANG_ANALYZER_NONNULL = YES;
				CLANG_CXX_LANGUAGE_STANDARD = "gnu++0x";
				CLANG_CXX_LIBRARY = "libc++";
				CLANG_ENABLE_MODULES = YES;
				CLANG_ENABLE_OBJC_ARC = YES;
				CLANG_WARN_BOOL_CONVERSION = YES;
				CLANG_WARN_CONSTANT_CONVERSION = YES;
				CLANG_WARN_DIRECT_OBJC_ISA_USAGE = YES_ERROR;
				CLANG_WARN_DOCUMENTATION_COMMENTS = YES;
				CLANG_WARN_EMPTY_BODY = YES;
				CLANG_WARN_ENUM_CONVERSION = YES;
				CLANG_WARN_INFINITE_RECURSION = YES;
				CLANG_WARN_INT_CONVERSION = YES;
				CLANG_WARN_OBJC_ROOT_CLASS = YES_ERROR;
				CLANG_WARN_SUSPICIOUS_MOVES = YES;
				CLANG_WARN_UNREACHABLE_CODE = YES;
				CLANG_WARN__DUPLICATE_METHOD_MATCH = YES;
				"CODE_SIGN_IDENTITY[sdk=iphoneos*]" = "iPhone Developer";
				COPY_PHASE_STRIP = NO;
				DEBUG_INFORMATION_FORMAT = dwarf;
				ENABLE_STRICT_OBJC_MSGSEND = YES;
				ENABLE_TESTABILITY = YES;
				GCC_C_LANGUAGE_STANDARD = gnu99;
				GCC_DYNAMIC_NO_PIC = NO;
				GCC_NO_COMMON_BLOCKS = YES;
				GCC_OPTIMIZATION_LEVEL = 0;
				GCC_PREPROCESSOR_DEFINITIONS = (
					"DEBUG=1",
					"$(inherited)",
				);
				GCC_WARN_64_TO_32_BIT_CONVERSION = YES;
				GCC_WARN_ABOUT_RETURN_TYPE = YES_ERROR;
				GCC_WARN_UNDECLARED_SELECTOR = YES;
				GCC_WARN_UNINITIALIZED_AUTOS = YES_AGGRESSIVE;
				GCC_WARN_UNUSED_FUNCTION = YES;
				GCC_WARN_UNUSED_VARIABLE = YES;
				IPHONEOS_DEPLOYMENT_TARGET = 10.0;
				MTL_ENABLE_DEBUG_INFO = YES;
				ONLY_ACTIVE_ARCH = YES;
				SDKROOT = iphoneos;
				SWIFT_ACTIVE_COMPILATION_CONDITIONS = DEBUG;
				SWIFT_OPTIMIZATION_LEVEL = "-Onone";
			};
			name = Debug;
		};
		ADDF6EE11D8D2B2700594184 /* Release */ = {
			isa = XCBuildConfiguration;
			buildSettings = {
				ALWAYS_SEARCH_USER_PATHS = NO;
				CLANG_ANALYZER_NONNULL = YES;
				CLANG_CXX_LANGUAGE_STANDARD = "gnu++0x";
				CLANG_CXX_LIBRARY = "libc++";
				CLANG_ENABLE_MODULES = YES;
				CLANG_ENABLE_OBJC_ARC = YES;
				CLANG_WARN_BOOL_CONVERSION = YES;
				CLANG_WARN_CONSTANT_CONVERSION = YES;
				CLANG_WARN_DIRECT_OBJC_ISA_USAGE = YES_ERROR;
				CLANG_WARN_DOCUMENTATION_COMMENTS = YES;
				CLANG_WARN_EMPTY_BODY = YES;
				CLANG_WARN_ENUM_CONVERSION = YES;
				CLANG_WARN_INFINITE_RECURSION = YES;
				CLANG_WARN_INT_CONVERSION = YES;
				CLANG_WARN_OBJC_ROOT_CLASS = YES_ERROR;
				CLANG_WARN_SUSPICIOUS_MOVES = YES;
				CLANG_WARN_UNREACHABLE_CODE = YES;
				CLANG_WARN__DUPLICATE_METHOD_MATCH = YES;
				"CODE_SIGN_IDENTITY[sdk=iphoneos*]" = "iPhone Developer";
				COPY_PHASE_STRIP = NO;
				DEBUG_INFORMATION_FORMAT = "dwarf-with-dsym";
				ENABLE_NS_ASSERTIONS = NO;
				ENABLE_STRICT_OBJC_MSGSEND = YES;
				GCC_C_LANGUAGE_STANDARD = gnu99;
				GCC_NO_COMMON_BLOCKS = YES;
				GCC_WARN_64_TO_32_BIT_CONVERSION = YES;
				GCC_WARN_ABOUT_RETURN_TYPE = YES_ERROR;
				GCC_WARN_UNDECLARED_SELECTOR = YES;
				GCC_WARN_UNINITIALIZED_AUTOS = YES_AGGRESSIVE;
				GCC_WARN_UNUSED_FUNCTION = YES;
				GCC_WARN_UNUSED_VARIABLE = YES;
				IPHONEOS_DEPLOYMENT_TARGET = 10.0;
				MTL_ENABLE_DEBUG_INFO = NO;
				SDKROOT = iphoneos;
				SWIFT_OPTIMIZATION_LEVEL = "-Owholemodule";
				VALIDATE_PRODUCT = YES;
			};
			name = Release;
		};
		ADDF6EE31D8D2B2700594184 /* Debug */ = {
			isa = XCBuildConfiguration;
			buildSettings = {
				ASSETCATALOG_COMPILER_APPICON_NAME = AppIcon;
				DEVELOPMENT_TEAM = S58QJ4E424;
				FRAMEWORK_SEARCH_PATHS = (
					"$(inherited)",
					"$(PROJECT_DIR)/Test",
				);
				INFOPLIST_FILE = Test/Info.plist;
				LD_RUNPATH_SEARCH_PATHS = "$(inherited) @executable_path/Frameworks";
				PRODUCT_BUNDLE_IDENTIFIER = com.donaldnguyen.timer.Test;
				PRODUCT_NAME = "$(TARGET_NAME)";
				SWIFT_VERSION = 3.0;
			};
			name = Debug;
		};
		ADDF6EE41D8D2B2700594184 /* Release */ = {
			isa = XCBuildConfiguration;
			buildSettings = {
				ASSETCATALOG_COMPILER_APPICON_NAME = AppIcon;
				DEVELOPMENT_TEAM = S58QJ4E424;
				FRAMEWORK_SEARCH_PATHS = (
					"$(inherited)",
					"$(PROJECT_DIR)/Test",
				);
				INFOPLIST_FILE = Test/Info.plist;
				LD_RUNPATH_SEARCH_PATHS = "$(inherited) @executable_path/Frameworks";
				PRODUCT_BUNDLE_IDENTIFIER = com.donaldnguyen.timer.Test;
				PRODUCT_NAME = "$(TARGET_NAME)";
				SWIFT_VERSION = 3.0;
			};
			name = Release;
		};
/* End XCBuildConfiguration section */

/* Begin XCConfigurationList section */
		ADDF6ECB1D8D2B2700594184 /* Build configuration list for PBXProject "Test" */ = {
			isa = XCConfigurationList;
			buildConfigurations = (
				ADDF6EE01D8D2B2700594184 /* Debug */,
				ADDF6EE11D8D2B2700594184 /* Release */,
			);
			defaultConfigurationIsVisible = 0;
			defaultConfigurationName = Release;
		};
		ADDF6EE21D8D2B2700594184 /* Build configuration list for PBXNativeTarget "Test" */ = {
			isa = XCConfigurationList;
			buildConfigurations = (
				ADDF6EE31D8D2B2700594184 /* Debug */,
				ADDF6EE41D8D2B2700594184 /* Release */,
			);
			defaultConfigurationIsVisible = 0;
			defaultConfigurationName = Release;
		};
/* End XCConfigurationList section */
	};
	rootObject = ADDF6EC81D8D2B2700594184 /* Project object */;
}
